
Microsoft Visual Studio Solution File, Format Version 12.00
# Visual Studio Version 17
VisualStudioVersion = 17.0.31903.59
MinimumVisualStudioVersion = 10.0.40219.1
Project("{2150E333-8FDC-42A3-9474-1A3956D46DE8}") = ".paket", ".paket", "{944FBB5F-AF2B-4FDF-AAB7-F937A4FB6D40}"
	ProjectSection(SolutionItems) = preProject
		paket.dependencies = paket.dependencies
	EndProjectSection
EndProject
Project("{F2A71F9B-5D33-465A-A702-920D77279786}") = "CloudyCore", "CloudyCore\CloudyCore.fsproj", "{52B1751C-2F4B-408F-98A7-F8BEA31C8559}"
EndProject
Project("{F2A71F9B-5D33-465A-A702-920D77279786}") = "SelectiveEating", "SelectiveEating\SelectiveEating.fsproj", "{3E9CC953-DEA9-4704-B1AF-FB428D2C8917}"
EndProject
Project("{FAE04EC0-301F-11D3-BF4B-00C04F79EFBC}") = "MaintainGlowRingsIndoorsRadius", "MaintainGlowRingsIndoorsRadius\MaintainGlowRingsIndoorsRadius.csproj", "{9798F4A6-D4F0-4906-ABAD-7E84B2FB76A2}"
EndProject
Project("{FAE04EC0-301F-11D3-BF4B-00C04F79EFBC}") = "DropSeedsAfterEating", "DropSeedsAfterEating\DropSeedsAfterEating.csproj", "{D0FEE916-244B-4711-84E0-AA0ED4D80E2A}"
EndProject
Project("{FAE04EC0-301F-11D3-BF4B-00C04F79EFBC}") = "CrabPotCollectJellies", "CrabPotCollectJellies\CrabPotCollectJellies.csproj", "{254D599B-FE33-4B62-971F-0D3298577632}"
EndProject
Project("{2150E333-8FDC-42A3-9474-1A3956D46DE8}") = "tests", "tests", "{9FD37B9A-4575-43A6-9E18-3C76E9876F6D}"
EndProject
Project("{F2A71F9B-5D33-465A-A702-920D77279786}") = "SelectiveEating.Tests", "tests\SelectiveEating.Tests\SelectiveEating.Tests.fsproj", "{9A1E6C6C-65A8-47FA-9FBF-FB41929B51FD}"
EndProject
Global
	GlobalSection(SolutionConfigurationPlatforms) = preSolution
		Debug|Any CPU = Debug|Any CPU
		Release|Any CPU = Release|Any CPU
	EndGlobalSection
	GlobalSection(SolutionProperties) = preSolution
		HideSolutionNode = FALSE
	EndGlobalSection
	GlobalSection(ProjectConfigurationPlatforms) = postSolution
		{52B1751C-2F4B-408F-98A7-F8BEA31C8559}.Debug|Any CPU.ActiveCfg = Debug|Any CPU
		{52B1751C-2F4B-408F-98A7-F8BEA31C8559}.Debug|Any CPU.Build.0 = Debug|Any CPU
		{52B1751C-2F4B-408F-98A7-F8BEA31C8559}.Release|Any CPU.ActiveCfg = Release|Any CPU
		{52B1751C-2F4B-408F-98A7-F8BEA31C8559}.Release|Any CPU.Build.0 = Release|Any CPU
		{3E9CC953-DEA9-4704-B1AF-FB428D2C8917}.Debug|Any CPU.ActiveCfg = Debug|Any CPU
		{3E9CC953-DEA9-4704-B1AF-FB428D2C8917}.Debug|Any CPU.Build.0 = Debug|Any CPU
		{3E9CC953-DEA9-4704-B1AF-FB428D2C8917}.Release|Any CPU.ActiveCfg = Release|Any CPU
		{3E9CC953-DEA9-4704-B1AF-FB428D2C8917}.Release|Any CPU.Build.0 = Release|Any CPU
		{02AD610F-3037-40A7-9B77-33DCCAD1D2F8}.Debug|Any CPU.ActiveCfg = Debug|Any CPU
		{02AD610F-3037-40A7-9B77-33DCCAD1D2F8}.Debug|Any CPU.Build.0 = Debug|Any CPU
		{02AD610F-3037-40A7-9B77-33DCCAD1D2F8}.Release|Any CPU.ActiveCfg = Release|Any CPU
		{02AD610F-3037-40A7-9B77-33DCCAD1D2F8}.Release|Any CPU.Build.0 = Release|Any CPU
		{9798F4A6-D4F0-4906-ABAD-7E84B2FB76A2}.Debug|Any CPU.ActiveCfg = Debug|Any CPU
		{9798F4A6-D4F0-4906-ABAD-7E84B2FB76A2}.Debug|Any CPU.Build.0 = Debug|Any CPU
		{9798F4A6-D4F0-4906-ABAD-7E84B2FB76A2}.Release|Any CPU.ActiveCfg = Release|Any CPU
		{9798F4A6-D4F0-4906-ABAD-7E84B2FB76A2}.Release|Any CPU.Build.0 = Release|Any CPU
		{254D599B-FE33-4B62-971F-0D3298577632}.Debug|Any CPU.ActiveCfg = Debug|Any CPU
		{254D599B-FE33-4B62-971F-0D3298577632}.Debug|Any CPU.Build.0 = Debug|Any CPU
		{254D599B-FE33-4B62-971F-0D3298577632}.Release|Any CPU.ActiveCfg = Release|Any CPU
		{254D599B-FE33-4B62-971F-0D3298577632}.Release|Any CPU.Build.0 = Release|Any CPU
		{A04F624F-D88A-42DF-BD32-BFF411D80602}.Debug|Any CPU.ActiveCfg = Debug|Any CPU
		{A04F624F-D88A-42DF-BD32-BFF411D80602}.Debug|Any CPU.Build.0 = Debug|Any CPU
		{A04F624F-D88A-42DF-BD32-BFF411D80602}.Release|Any CPU.ActiveCfg = Release|Any CPU
		{A04F624F-D88A-42DF-BD32-BFF411D80602}.Release|Any CPU.Build.0 = Release|Any CPU
		{3ADD2FC8-B899-4260-8387-1C3A80F7CD30}.Debug|Any CPU.ActiveCfg = Debug|Any CPU
		{3ADD2FC8-B899-4260-8387-1C3A80F7CD30}.Debug|Any CPU.Build.0 = Debug|Any CPU
		{3ADD2FC8-B899-4260-8387-1C3A80F7CD30}.Release|Any CPU.ActiveCfg = Release|Any CPU
		{3ADD2FC8-B899-4260-8387-1C3A80F7CD30}.Release|Any CPU.Build.0 = Release|Any CPU
		{9A1E6C6C-65A8-47FA-9FBF-FB41929B51FD}.Debug|Any CPU.ActiveCfg = Debug|Any CPU
		{9A1E6C6C-65A8-47FA-9FBF-FB41929B51FD}.Debug|Any CPU.Build.0 = Debug|Any CPU
		{9A1E6C6C-65A8-47FA-9FBF-FB41929B51FD}.Release|Any CPU.ActiveCfg = Release|Any CPU
		{9A1E6C6C-65A8-47FA-9FBF-FB41929B51FD}.Release|Any CPU.Build.0 = Release|Any CPU
	EndGlobalSection
	GlobalSection(NestedProjects) = preSolution
		{9A1E6C6C-65A8-47FA-9FBF-FB41929B51FD} = {9FD37B9A-4575-43A6-9E18-3C76E9876F6D}
	EndGlobalSection
EndGlobal
