
Microsoft Visual Studio Solution File, Format Version 12.00
# Visual Studio Version 17
VisualStudioVersion = 17.0.31903.59
MinimumVisualStudioVersion = 10.0.40219.1
Project("{2150E333-8FDC-42A3-9474-1A3956D46DE8}") = ".paket", ".paket", "{944FBB5F-AF2B-4FDF-AAB7-F937A4FB6D40}"
	ProjectSection(SolutionItems) = preProject
		paket.dependencies = paket.dependencies
	EndProjectSection
EndProject
Project("{F2A71F9B-5D33-465A-A702-920D77279786}") = "CloudyCore", "CloudyCore\CloudyCore.fsproj", "{52B1751C-2F4B-408F-98A7-F8BEA31C8559}"
EndProject
Project("{F2A71F9B-5D33-465A-A702-920D77279786}") = "SelectiveEating", "SelectiveEating\SelectiveEating.fsproj", "{3E9CC953-DEA9-4704-B1AF-FB428D2C8917}"
EndProject
Project("{FAE04EC0-301F-11D3-BF4B-00C04F79EFBC}") = "DropSeedsAfterEating", "DropSeedsAfterEating\DropSeedsAfterEating.csproj", "{D0FEE916-244B-4711-84E0-AA0ED4D80E2A}"
EndProject
Global
	GlobalSection(SolutionConfigurationPlatforms) = preSolution
		Debug|Any CPU = Debug|Any CPU
		Release|Any CPU = Release|Any CPU
	EndGlobalSection
	GlobalSection(SolutionProperties) = preSolution
		HideSolutionNode = FALSE
	EndGlobalSection
	GlobalSection(ProjectConfigurationPlatforms) = postSolution
		{52B1751C-2F4B-408F-98A7-F8BEA31C8559}.Debug|Any CPU.ActiveCfg = Debug|Any CPU
		{52B1751C-2F4B-408F-98A7-F8BEA31C8559}.Debug|Any CPU.Build.0 = Debug|Any CPU
		{52B1751C-2F4B-408F-98A7-F8BEA31C8559}.Release|Any CPU.ActiveCfg = Release|Any CPU
		{52B1751C-2F4B-408F-98A7-F8BEA31C8559}.Release|Any CPU.Build.0 = Release|Any CPU
		{3E9CC953-DEA9-4704-B1AF-FB428D2C8917}.Debug|Any CPU.ActiveCfg = Debug|Any CPU
		{3E9CC953-DEA9-4704-B1AF-FB428D2C8917}.Debug|Any CPU.Build.0 = Debug|Any CPU
		{3E9CC953-DEA9-4704-B1AF-FB428D2C8917}.Release|Any CPU.ActiveCfg = Release|Any CPU
		{3E9CC953-DEA9-4704-B1AF-FB428D2C8917}.Release|Any CPU.Build.0 = Release|Any CPU
		{D0FEE916-244B-4711-84E0-AA0ED4D80E2A}.Debug|Any CPU.ActiveCfg = Debug|Any CPU
		{D0FEE916-244B-4711-84E0-AA0ED4D80E2A}.Debug|Any CPU.Build.0 = Debug|Any CPU
		{D0FEE916-244B-4711-84E0-AA0ED4D80E2A}.Release|Any CPU.ActiveCfg = Release|Any CPU
		{D0FEE916-244B-4711-84E0-AA0ED4D80E2A}.Release|Any CPU.Build.0 = Release|Any CPU
	EndGlobalSection
EndGlobal
